
Microsoft Visual Studio Solution File, Format Version 12.00
# Visual Studio Version 17
VisualStudioVersion = 17.9.34723.18
MinimumVisualStudioVersion = 10.0.40219.1
Project("{FAE04EC0-301F-11D3-BF4B-00C04F79EFBC}") = "numberguess", "numberguess\numberguess.csproj", "{D9059B8F-F378-49A8-A975-8AA8F6ABBCC5}"
EndProject
Global
	GlobalSection(SolutionConfigurationPlatforms) = preSolution
		Debug|Any CPU = Debug|Any CPU
		Release|Any CPU = Release|Any CPU
	EndGlobalSection
	GlobalSection(ProjectConfigurationPlatforms) = postSolution
		{D9059B8F-F378-49A8-A975-8AA8F6ABBCC5}.Debug|Any CPU.ActiveCfg = Debug|Any CPU
		{D9059B8F-F378-49A8-A975-8AA8F6ABBCC5}.Debug|Any CPU.Build.0 = Debug|Any CPU
		{D9059B8F-F378-49A8-A975-8AA8F6ABBCC5}.Release|Any CPU.ActiveCfg = Release|Any CPU
		{D9059B8F-F378-49A8-A975-8AA8F6ABBCC5}.Release|Any CPU.Build.0 = Release|Any CPU
	EndGlobalSection
	GlobalSection(SolutionProperties) = preSolution
		HideSolutionNode = FALSE
	EndGlobalSection
	GlobalSection(ExtensibilityGlobals) = postSolution
		SolutionGuid = {D87A8AC6-0619-4D39-A536-91BAC16B190A}
	EndGlobalSection
EndGlobal
